// !$*UTF8*$!
{
	archiveVersion = 1;
	classes = {
	};
	objectVersion = 56;
	objects = {

/* Begin PBXBuildFile section */
		8B1439942C54FC1700B7C6FF /* AppDelegate.swift in Sources */ = {isa = PBXBuildFile; fileRef = 8B1439932C54FC1700B7C6FF /* AppDelegate.swift */; };
		8B1439962C54FC1700B7C6FF /* SceneDelegate.swift in Sources */ = {isa = PBXBuildFile; fileRef = 8B1439952C54FC1700B7C6FF /* SceneDelegate.swift */; };
		8B1439982C54FC1700B7C6FF /* MainViewController.swift in Sources */ = {isa = PBXBuildFile; fileRef = 8B1439972C54FC1700B7C6FF /* MainViewController.swift */; };
		8B14399D2C54FC1A00B7C6FF /* Assets.xcassets in Resources */ = {isa = PBXBuildFile; fileRef = 8B14399C2C54FC1A00B7C6FF /* Assets.xcassets */; };
		8B1439A02C54FC1A00B7C6FF /* Base in Resources */ = {isa = PBXBuildFile; fileRef = 8B14399F2C54FC1A00B7C6FF /* Base */; };
		8B1439A92C55036000B7C6FF /* Colors.swift in Sources */ = {isa = PBXBuildFile; fileRef = 8B1439A82C55036000B7C6FF /* Colors.swift */; };
		8BCE99C12C550BAD007AD8D6 /* NoteCollectionViewCell.swift in Sources */ = {isa = PBXBuildFile; fileRef = 8BCE99C02C550BAD007AD8D6 /* NoteCollectionViewCell.swift */; };
		8BCE99C32C550BE1007AD8D6 /* NoteCollectionViewController.swift in Sources */ = {isa = PBXBuildFile; fileRef = 8BCE99C22C550BE1007AD8D6 /* NoteCollectionViewController.swift */; };
		8BCE99C52C551779007AD8D6 /* CreateNoteViewController.swift in Sources */ = {isa = PBXBuildFile; fileRef = 8BCE99C42C551779007AD8D6 /* CreateNoteViewController.swift */; };
/* End PBXBuildFile section */

/* Begin PBXFileReference section */
		8B1439902C54FC1700B7C6FF /* Simno.app */ = {isa = PBXFileReference; explicitFileType = wrapper.application; includeInIndex = 0; path = Simno.app; sourceTree = BUILT_PRODUCTS_DIR; };
		8B1439932C54FC1700B7C6FF /* AppDelegate.swift */ = {isa = PBXFileReference; lastKnownFileType = sourcecode.swift; path = AppDelegate.swift; sourceTree = "<group>"; };
		8B1439952C54FC1700B7C6FF /* SceneDelegate.swift */ = {isa = PBXFileReference; lastKnownFileType = sourcecode.swift; path = SceneDelegate.swift; sourceTree = "<group>"; };
		8B1439972C54FC1700B7C6FF /* MainViewController.swift */ = {isa = PBXFileReference; lastKnownFileType = sourcecode.swift; path = MainViewController.swift; sourceTree = "<group>"; };
		8B14399C2C54FC1A00B7C6FF /* Assets.xcassets */ = {isa = PBXFileReference; lastKnownFileType = folder.assetcatalog; path = Assets.xcassets; sourceTree = "<group>"; };
		8B14399F2C54FC1A00B7C6FF /* Base */ = {isa = PBXFileReference; lastKnownFileType = file.storyboard; name = Base; path = Base.lproj/LaunchScreen.storyboard; sourceTree = "<group>"; };
		8B1439A12C54FC1A00B7C6FF /* Info.plist */ = {isa = PBXFileReference; lastKnownFileType = text.plist.xml; path = Info.plist; sourceTree = "<group>"; };
		8B1439A82C55036000B7C6FF /* Colors.swift */ = {isa = PBXFileReference; lastKnownFileType = sourcecode.swift; path = Colors.swift; sourceTree = "<group>"; };
		8BCE99C02C550BAD007AD8D6 /* NoteCollectionViewCell.swift */ = {isa = PBXFileReference; lastKnownFileType = sourcecode.swift; path = NoteCollectionViewCell.swift; sourceTree = "<group>"; };
		8BCE99C22C550BE1007AD8D6 /* NoteCollectionViewController.swift */ = {isa = PBXFileReference; lastKnownFileType = sourcecode.swift; path = NoteCollectionViewController.swift; sourceTree = "<group>"; };
		8BCE99C42C551779007AD8D6 /* CreateNoteViewController.swift */ = {isa = PBXFileReference; lastKnownFileType = sourcecode.swift; path = CreateNoteViewController.swift; sourceTree = "<group>"; };
/* End PBXFileReference section */

/* Begin PBXFrameworksBuildPhase section */
		8B14398D2C54FC1700B7C6FF /* Frameworks */ = {
			isa = PBXFrameworksBuildPhase;
			buildActionMask = 2147483647;
			files = (
			);
			runOnlyForDeploymentPostprocessing = 0;
		};
/* End PBXFrameworksBuildPhase section */

/* Begin PBXGroup section */
		8B1439872C54FC1700B7C6FF = {
			isa = PBXGroup;
			children = (
				8B1439922C54FC1700B7C6FF /* Simno */,
				8B1439912C54FC1700B7C6FF /* Products */,
			);
			sourceTree = "<group>";
		};
		8B1439912C54FC1700B7C6FF /* Products */ = {
			isa = PBXGroup;
			children = (
				8B1439902C54FC1700B7C6FF /* Simno.app */,
			);
			name = Products;
			sourceTree = "<group>";
		};
		8B1439922C54FC1700B7C6FF /* Simno */ = {
			isa = PBXGroup;
			children = (
				8B1439A72C55034C00B7C6FF /* Helpers + Extensions */,
				8B1439932C54FC1700B7C6FF /* AppDelegate.swift */,
				8B1439952C54FC1700B7C6FF /* SceneDelegate.swift */,
				8B1439AA2C55084E00B7C6FF /* Scenes */,
				8B14399C2C54FC1A00B7C6FF /* Assets.xcassets */,
				8B14399E2C54FC1A00B7C6FF /* LaunchScreen.storyboard */,
				8B1439A12C54FC1A00B7C6FF /* Info.plist */,
			);
			path = Simno;
			sourceTree = "<group>";
		};
		8B1439A72C55034C00B7C6FF /* Helpers + Extensions */ = {
			isa = PBXGroup;
			children = (
				8B1439A82C55036000B7C6FF /* Colors.swift */,
			);
			path = "Helpers + Extensions";
			sourceTree = "<group>";
		};
		8B1439AA2C55084E00B7C6FF /* Scenes */ = {
			isa = PBXGroup;
			children = (
				8B1439972C54FC1700B7C6FF /* MainViewController.swift */,
				8BCE99C42C551779007AD8D6 /* CreateNoteViewController.swift */,
				8BCE99C02C550BAD007AD8D6 /* NoteCollectionViewCell.swift */,
				8BCE99C22C550BE1007AD8D6 /* NoteCollectionViewController.swift */,
			);
			path = Scenes;
			sourceTree = "<group>";
		};
/* End PBXGroup section */

/* Begin PBXNativeTarget section */
		8B14398F2C54FC1700B7C6FF /* Simno */ = {
			isa = PBXNativeTarget;
			buildConfigurationList = 8B1439A42C54FC1A00B7C6FF /* Build configuration list for PBXNativeTarget "Simno" */;
			buildPhases = (
				8B14398C2C54FC1700B7C6FF /* Sources */,
				8B14398D2C54FC1700B7C6FF /* Frameworks */,
				8B14398E2C54FC1700B7C6FF /* Resources */,
			);
			buildRules = (
			);
			dependencies = (
			);
			name = Simno;
			productName = Simno;
			productReference = 8B1439902C54FC1700B7C6FF /* Simno.app */;
			productType = "com.apple.product-type.application";
		};
/* End PBXNativeTarget section */

/* Begin PBXProject section */
		8B1439882C54FC1700B7C6FF /* Project object */ = {
			isa = PBXProject;
			attributes = {
				BuildIndependentTargetsInParallel = 1;
				LastSwiftUpdateCheck = 1540;
				LastUpgradeCheck = 1540;
				TargetAttributes = {
					8B14398F2C54FC1700B7C6FF = {
						CreatedOnToolsVersion = 15.4;
					};
				};
			};
			buildConfigurationList = 8B14398B2C54FC1700B7C6FF /* Build configuration list for PBXProject "Simno" */;
			compatibilityVersion = "Xcode 14.0";
			developmentRegion = en;
			hasScannedForEncodings = 0;
			knownRegions = (
				en,
				Base,
			);
			mainGroup = 8B1439872C54FC1700B7C6FF;
			productRefGroup = 8B1439912C54FC1700B7C6FF /* Products */;
			projectDirPath = "";
			projectRoot = "";
			targets = (
				8B14398F2C54FC1700B7C6FF /* Simno */,
			);
		};
/* End PBXProject section */

/* Begin PBXResourcesBuildPhase section */
		8B14398E2C54FC1700B7C6FF /* Resources */ = {
			isa = PBXResourcesBuildPhase;
			buildActionMask = 2147483647;
			files = (
				8B14399D2C54FC1A00B7C6FF /* Assets.xcassets in Resources */,
				8B1439A02C54FC1A00B7C6FF /* Base in Resources */,
			);
			runOnlyForDeploymentPostprocessing = 0;
		};
/* End PBXResourcesBuildPhase section */

/* Begin PBXSourcesBuildPhase section */
		8B14398C2C54FC1700B7C6FF /* Sources */ = {
			isa = PBXSourcesBuildPhase;
			buildActionMask = 2147483647;
			files = (
				8B1439982C54FC1700B7C6FF /* MainViewController.swift in Sources */,
				8BCE99C32C550BE1007AD8D6 /* NoteCollectionViewController.swift in Sources */,
				8B1439942C54FC1700B7C6FF /* AppDelegate.swift in Sources */,
				8B1439962C54FC1700B7C6FF /* SceneDelegate.swift in Sources */,
				8BCE99C12C550BAD007AD8D6 /* NoteCollectionViewCell.swift in Sources */,
				8BCE99C52C551779007AD8D6 /* CreateNoteViewController.swift in Sources */,
				8B1439A92C55036000B7C6FF /* Colors.swift in Sources */,
			);
			runOnlyForDeploymentPostprocessing = 0;
		};
/* End PBXSourcesBuildPhase section */

/* Begin PBXVariantGroup section */
		8B14399E2C54FC1A00B7C6FF /* LaunchScreen.storyboard */ = {
			isa = PBXVariantGroup;
			children = (
				8B14399F2C54FC1A00B7C6FF /* Base */,
			);
			name = LaunchScreen.storyboard;
			sourceTree = "<group>";
		};
/* End PBXVariantGroup section */

/* Begin XCBuildConfiguration section */
		8B1439A22C54FC1A00B7C6FF /* Debug */ = {
			isa = XCBuildConfiguration;
			buildSettings = {
				ALWAYS_SEARCH_USER_PATHS = NO;
				ASSETCATALOG_COMPILER_GENERATE_SWIFT_ASSET_SYMBOL_EXTENSIONS = YES;
				CLANG_ANALYZER_NONNULL = YES;
				CLANG_ANALYZER_NUMBER_OBJECT_CONVERSION = YES_AGGRESSIVE;
				CLANG_CXX_LANGUAGE_STANDARD = "gnu++20";
				CLANG_ENABLE_MODULES = YES;
				CLANG_ENABLE_OBJC_ARC = YES;
				CLANG_ENABLE_OBJC_WEAK = YES;
				CLANG_WARN_BLOCK_CAPTURE_AUTORELEASING = YES;
				CLANG_WARN_BOOL_CONVERSION = YES;
				CLANG_WARN_COMMA = YES;
				CLANG_WARN_CONSTANT_CONVERSION = YES;
				CLANG_WARN_DEPRECATED_OBJC_IMPLEMENTATIONS = YES;
				CLANG_WARN_DIRECT_OBJC_ISA_USAGE = YES_ERROR;
				CLANG_WARN_DOCUMENTATION_COMMENTS = YES;
				CLANG_WARN_EMPTY_BODY = YES;
				CLANG_WARN_ENUM_CONVERSION = YES;
				CLANG_WARN_INFINITE_RECURSION = YES;
				CLANG_WARN_INT_CONVERSION = YES;
				CLANG_WARN_NON_LITERAL_NULL_CONVERSION = YES;
				CLANG_WARN_OBJC_IMPLICIT_RETAIN_SELF = YES;
				CLANG_WARN_OBJC_LITERAL_CONVERSION = YES;
				CLANG_WARN_OBJC_ROOT_CLASS = YES_ERROR;
				CLANG_WARN_QUOTED_INCLUDE_IN_FRAMEWORK_HEADER = YES;
				CLANG_WARN_RANGE_LOOP_ANALYSIS = YES;
				CLANG_WARN_STRICT_PROTOTYPES = YES;
				CLANG_WARN_SUSPICIOUS_MOVE = YES;
				CLANG_WARN_UNGUARDED_AVAILABILITY = YES_AGGRESSIVE;
				CLANG_WARN_UNREACHABLE_CODE = YES;
				CLANG_WARN__DUPLICATE_METHOD_MATCH = YES;
				COPY_PHASE_STRIP = NO;
				DEBUG_INFORMATION_FORMAT = dwarf;
				ENABLE_STRICT_OBJC_MSGSEND = YES;
				ENABLE_TESTABILITY = YES;
				ENABLE_USER_SCRIPT_SANDBOXING = YES;
				GCC_C_LANGUAGE_STANDARD = gnu17;
				GCC_DYNAMIC_NO_PIC = NO;
				GCC_NO_COMMON_BLOCKS = YES;
				GCC_OPTIMIZATION_LEVEL = 0;
				GCC_PREPROCESSOR_DEFINITIONS = (
					"DEBUG=1",
					"$(inherited)",
				);
				GCC_WARN_64_TO_32_BIT_CONVERSION = YES;
				GCC_WARN_ABOUT_RETURN_TYPE = YES_ERROR;
				GCC_WARN_UNDECLARED_SELECTOR = YES;
				GCC_WARN_UNINITIALIZED_AUTOS = YES_AGGRESSIVE;
				GCC_WARN_UNUSED_FUNCTION = YES;
				GCC_WARN_UNUSED_VARIABLE = YES;
				IPHONEOS_DEPLOYMENT_TARGET = 17.5;
				LOCALIZATION_PREFERS_STRING_CATALOGS = YES;
				MTL_ENABLE_DEBUG_INFO = INCLUDE_SOURCE;
				MTL_FAST_MATH = YES;
				ONLY_ACTIVE_ARCH = YES;
				SDKROOT = iphoneos;
				SWIFT_ACTIVE_COMPILATION_CONDITIONS = "DEBUG $(inherited)";
				SWIFT_OPTIMIZATION_LEVEL = "-Onone";
			};
			name = Debug;
		};
		8B1439A32C54FC1A00B7C6FF /* Release */ = {
			isa = XCBuildConfiguration;
			buildSettings = {
				ALWAYS_SEARCH_USER_PATHS = NO;
				ASSETCATALOG_COMPILER_GENERATE_SWIFT_ASSET_SYMBOL_EXTENSIONS = YES;
				CLANG_ANALYZER_NONNULL = YES;
				CLANG_ANALYZER_NUMBER_OBJECT_CONVERSION = YES_AGGRESSIVE;
				CLANG_CXX_LANGUAGE_STANDARD = "gnu++20";
				CLANG_ENABLE_MODULES = YES;
				CLANG_ENABLE_OBJC_ARC = YES;
				CLANG_ENABLE_OBJC_WEAK = YES;
				CLANG_WARN_BLOCK_CAPTURE_AUTORELEASING = YES;
				CLANG_WARN_BOOL_CONVERSION = YES;
				CLANG_WARN_COMMA = YES;
				CLANG_WARN_CONSTANT_CONVERSION = YES;
				CLANG_WARN_DEPRECATED_OBJC_IMPLEMENTATIONS = YES;
				CLANG_WARN_DIRECT_OBJC_ISA_USAGE = YES_ERROR;
				CLANG_WARN_DOCUMENTATION_COMMENTS = YES;
				CLANG_WARN_EMPTY_BODY = YES;
				CLANG_WARN_ENUM_CONVERSION = YES;
				CLANG_WARN_INFINITE_RECURSION = YES;
				CLANG_WARN_INT_CONVERSION = YES;
				CLANG_WARN_NON_LITERAL_NULL_CONVERSION = YES;
				CLANG_WARN_OBJC_IMPLICIT_RETAIN_SELF = YES;
				CLANG_WARN_OBJC_LITERAL_CONVERSION = YES;
				CLANG_WARN_OBJC_ROOT_CLASS = YES_ERROR;
				CLANG_WARN_QUOTED_INCLUDE_IN_FRAMEWORK_HEADER = YES;
				CLANG_WARN_RANGE_LOOP_ANALYSIS = YES;
				CLANG_WARN_STRICT_PROTOTYPES = YES;
				CLANG_WARN_SUSPICIOUS_MOVE = YES;
				CLANG_WARN_UNGUARDED_AVAILABILITY = YES_AGGRESSIVE;
				CLANG_WARN_UNREACHABLE_CODE = YES;
				CLANG_WARN__DUPLICATE_METHOD_MATCH = YES;
				COPY_PHASE_STRIP = NO;
				DEBUG_INFORMATION_FORMAT = "dwarf-with-dsym";
				ENABLE_NS_ASSERTIONS = NO;
				ENABLE_STRICT_OBJC_MSGSEND = YES;
				ENABLE_USER_SCRIPT_SANDBOXING = YES;
				GCC_C_LANGUAGE_STANDARD = gnu17;
				GCC_NO_COMMON_BLOCKS = YES;
				GCC_WARN_64_TO_32_BIT_CONVERSION = YES;
				GCC_WARN_ABOUT_RETURN_TYPE = YES_ERROR;
				GCC_WARN_UNDECLARED_SELECTOR = YES;
				GCC_WARN_UNINITIALIZED_AUTOS = YES_AGGRESSIVE;
				GCC_WARN_UNUSED_FUNCTION = YES;
				GCC_WARN_UNUSED_VARIABLE = YES;
				IPHONEOS_DEPLOYMENT_TARGET = 17.5;
				LOCALIZATION_PREFERS_STRING_CATALOGS = YES;
				MTL_ENABLE_DEBUG_INFO = NO;
				MTL_FAST_MATH = YES;
				SDKROOT = iphoneos;
				SWIFT_COMPILATION_MODE = wholemodule;
				VALIDATE_PRODUCT = YES;
			};
			name = Release;
		};
		8B1439A52C54FC1A00B7C6FF /* Debug */ = {
			isa = XCBuildConfiguration;
			buildSettings = {
				ASSETCATALOG_COMPILER_APPICON_NAME = AppIcon;
				ASSETCATALOG_COMPILER_GLOBAL_ACCENT_COLOR_NAME = AccentColor;
				CODE_SIGN_STYLE = Automatic;
				CURRENT_PROJECT_VERSION = 1;
				DEVELOPMENT_TEAM = WFB452GXLK;
				GENERATE_INFOPLIST_FILE = YES;
				INFOPLIST_FILE = Simno/Info.plist;
				INFOPLIST_KEY_LSApplicationCategoryType = "public.app-category.productivity";
				INFOPLIST_KEY_UIApplicationSupportsIndirectInputEvents = YES;
				INFOPLIST_KEY_UILaunchStoryboardName = LaunchScreen;
				INFOPLIST_KEY_UISupportedInterfaceOrientations = UIInterfaceOrientationPortrait;
				INFOPLIST_KEY_UISupportedInterfaceOrientations_iPad = "UIInterfaceOrientationLandscapeLeft UIInterfaceOrientationLandscapeRight UIInterfaceOrientationPortrait UIInterfaceOrientationPortraitUpsideDown";
				IPHONEOS_DEPLOYMENT_TARGET = 15.0;
				LD_RUNPATH_SEARCH_PATHS = (
					"$(inherited)",
					"@executable_path/Frameworks",
				);
				MARKETING_VERSION = 1.0;
				PRODUCT_BUNDLE_IDENTIFIER = "ws.vlad-gorelov.tilda.Simno";
				PRODUCT_NAME = "$(TARGET_NAME)";
				SUPPORTED_PLATFORMS = "iphoneos iphonesimulator";
				SUPPORTS_MACCATALYST = NO;
				SUPPORTS_MAC_DESIGNED_FOR_IPHONE_IPAD = NO;
				SUPPORTS_XR_DESIGNED_FOR_IPHONE_IPAD = NO;
				SWIFT_EMIT_LOC_STRINGS = YES;
				SWIFT_VERSION = 5.0;
				TARGETED_DEVICE_FAMILY = 1;
			};
			name = Debug;
		};
		8B1439A62C54FC1A00B7C6FF /* Release */ = {
			isa = XCBuildConfiguration;
			buildSettings = {
				ASSETCATALOG_COMPILER_APPICON_NAME = AppIcon;
				ASSETCATALOG_COMPILER_GLOBAL_ACCENT_COLOR_NAME = AccentColor;
				CODE_SIGN_STYLE = Automatic;
				CURRENT_PROJECT_VERSION = 1;
				DEVELOPMENT_TEAM = WFB452GXLK;
				GENERATE_INFOPLIST_FILE = YES;
				INFOPLIST_FILE = Simno/Info.plist;
				INFOPLIST_KEY_LSApplicationCategoryType = "public.app-category.productivity";
				INFOPLIST_KEY_UIApplicationSupportsIndirectInputEvents = YES;
				INFOPLIST_KEY_UILaunchStoryboardName = LaunchScreen;
				INFOPLIST_KEY_UISupportedInterfaceOrientations = UIInterfaceOrientationPortrait;
				INFOPLIST_KEY_UISupportedInterfaceOrientations_iPad = "UIInterfaceOrientationLandscapeLeft UIInterfaceOrientationLandscapeRight UIInterfaceOrientationPortrait UIInterfaceOrientationPortraitUpsideDown";
				IPHONEOS_DEPLOYMENT_TARGET = 15.0;
				LD_RUNPATH_SEARCH_PATHS = (
					"$(inherited)",
					"@executable_path/Frameworks",
				);
				MARKETING_VERSION = 1.0;
				PRODUCT_BUNDLE_IDENTIFIER = "ws.vlad-gorelov.tilda.Simno";
				PRODUCT_NAME = "$(TARGET_NAME)";
				SUPPORTED_PLATFORMS = "iphoneos iphonesimulator";
				SUPPORTS_MACCATALYST = NO;
				SUPPORTS_MAC_DESIGNED_FOR_IPHONE_IPAD = NO;
				SUPPORTS_XR_DESIGNED_FOR_IPHONE_IPAD = NO;
				SWIFT_EMIT_LOC_STRINGS = YES;
				SWIFT_VERSION = 5.0;
				TARGETED_DEVICE_FAMILY = 1;
			};
			name = Release;
		};
/* End XCBuildConfiguration section */

/* Begin XCConfigurationList section */
		8B14398B2C54FC1700B7C6FF /* Build configuration list for PBXProject "Simno" */ = {
			isa = XCConfigurationList;
			buildConfigurations = (
				8B1439A22C54FC1A00B7C6FF /* Debug */,
				8B1439A32C54FC1A00B7C6FF /* Release */,
			);
			defaultConfigurationIsVisible = 0;
			defaultConfigurationName = Release;
		};
		8B1439A42C54FC1A00B7C6FF /* Build configuration list for PBXNativeTarget "Simno" */ = {
			isa = XCConfigurationList;
			buildConfigurations = (
				8B1439A52C54FC1A00B7C6FF /* Debug */,
				8B1439A62C54FC1A00B7C6FF /* Release */,
			);
			defaultConfigurationIsVisible = 0;
			defaultConfigurationName = Release;
		};
/* End XCConfigurationList section */
	};
	rootObject = 8B1439882C54FC1700B7C6FF /* Project object */;
}
